
Microsoft Visual Studio Solution File, Format Version 12.00
# Visual Studio Version 17
VisualStudioVersion = 17.0.32126.317
MinimumVisualStudioVersion = 10.0.40219.1
Project("{FAE04EC0-301F-11D3-BF4B-00C04F79EFBC}") = "Owner.API", "Owner.API\Owner.API.csproj", "{2FE63978-B896-4FBF-8D6D-655C675E4EE5}"
EndProject
Global
	GlobalSection(SolutionConfigurationPlatforms) = preSolution
		Debug|Any CPU = Debug|Any CPU
		Release|Any CPU = Release|Any CPU
	EndGlobalSection
	GlobalSection(ProjectConfigurationPlatforms) = postSolution
		{2FE63978-B896-4FBF-8D6D-655C675E4EE5}.Debug|Any CPU.ActiveCfg = Debug|Any CPU
		{2FE63978-B896-4FBF-8D6D-655C675E4EE5}.Debug|Any CPU.Build.0 = Debug|Any CPU
		{2FE63978-B896-4FBF-8D6D-655C675E4EE5}.Release|Any CPU.ActiveCfg = Release|Any CPU
		{2FE63978-B896-4FBF-8D6D-655C675E4EE5}.Release|Any CPU.Build.0 = Release|Any CPU
	EndGlobalSection
	GlobalSection(SolutionProperties) = preSolution
		HideSolutionNode = FALSE
	EndGlobalSection
	GlobalSection(ExtensibilityGlobals) = postSolution
		SolutionGuid = {E646DDB7-7243-4040-A0C2-817CD932E41F}
	EndGlobalSection
EndGlobal
